// !$*UTF8*$!
{
	archiveVersion = 1;
	classes = {
	};
	objectVersion = 46;
	objects = {

/* Begin PBXBuildFile section */
		421F634B195DD81600BA68FB /* libopencv_calib3d.2.4.9.dylib in Frameworks */ = {isa = PBXBuildFile; fileRef = 421F6315195DD81600BA68FB /* libopencv_calib3d.2.4.9.dylib */; };
		421F634C195DD81600BA68FB /* libopencv_calib3d.2.4.9.dylib in Frameworks */ = {isa = PBXBuildFile; fileRef = 421F6316195DD81600BA68FB /* libopencv_calib3d.2.4.9.dylib */; };
		421F634D195DD81600BA68FB /* libopencv_calib3d.2.4.9.dylib in Frameworks */ = {isa = PBXBuildFile; fileRef = 421F6317195DD81600BA68FB /* libopencv_calib3d.2.4.9.dylib */; };
		421F634E195DD81600BA68FB /* libopencv_contrib.2.4.9.dylib in Frameworks */ = {isa = PBXBuildFile; fileRef = 421F6318195DD81600BA68FB /* libopencv_contrib.2.4.9.dylib */; };
		421F634F195DD81600BA68FB /* libopencv_contrib.2.4.9.dylib in Frameworks */ = {isa = PBXBuildFile; fileRef = 421F6319195DD81600BA68FB /* libopencv_contrib.2.4.9.dylib */; };
		421F6350195DD81600BA68FB /* libopencv_contrib.2.4.9.dylib in Frameworks */ = {isa = PBXBuildFile; fileRef = 421F631A195DD81600BA68FB /* libopencv_contrib.2.4.9.dylib */; };
		421F6351195DD81600BA68FB /* libopencv_core.2.4.9.dylib in Frameworks */ = {isa = PBXBuildFile; fileRef = 421F631B195DD81600BA68FB /* libopencv_core.2.4.9.dylib */; };
		421F6352195DD81600BA68FB /* libopencv_core.2.4.9.dylib in Frameworks */ = {isa = PBXBuildFile; fileRef = 421F631C195DD81600BA68FB /* libopencv_core.2.4.9.dylib */; };
		421F6353195DD81600BA68FB /* libopencv_core.2.4.9.dylib in Frameworks */ = {isa = PBXBuildFile; fileRef = 421F631D195DD81600BA68FB /* libopencv_core.2.4.9.dylib */; };
		421F6354195DD81600BA68FB /* libopencv_features2d.2.4.9.dylib in Frameworks */ = {isa = PBXBuildFile; fileRef = 421F631E195DD81600BA68FB /* libopencv_features2d.2.4.9.dylib */; };
		421F6355195DD81600BA68FB /* libopencv_features2d.2.4.9.dylib in Frameworks */ = {isa = PBXBuildFile; fileRef = 421F631F195DD81600BA68FB /* libopencv_features2d.2.4.9.dylib */; };
		421F6356195DD81600BA68FB /* libopencv_features2d.2.4.9.dylib in Frameworks */ = {isa = PBXBuildFile; fileRef = 421F6320195DD81600BA68FB /* libopencv_features2d.2.4.9.dylib */; };
		421F6357195DD81600BA68FB /* libopencv_flann.2.4.9.dylib in Frameworks */ = {isa = PBXBuildFile; fileRef = 421F6321195DD81600BA68FB /* libopencv_flann.2.4.9.dylib */; };
		421F6358195DD81600BA68FB /* libopencv_flann.2.4.9.dylib in Frameworks */ = {isa = PBXBuildFile; fileRef = 421F6322195DD81600BA68FB /* libopencv_flann.2.4.9.dylib */; };
		421F6359195DD81600BA68FB /* libopencv_flann.2.4.9.dylib in Frameworks */ = {isa = PBXBuildFile; fileRef = 421F6323195DD81600BA68FB /* libopencv_flann.2.4.9.dylib */; };
		421F635A195DD81600BA68FB /* libopencv_gpu.2.4.9.dylib in Frameworks */ = {isa = PBXBuildFile; fileRef = 421F6324195DD81600BA68FB /* libopencv_gpu.2.4.9.dylib */; };
		421F635B195DD81600BA68FB /* libopencv_gpu.2.4.9.dylib in Frameworks */ = {isa = PBXBuildFile; fileRef = 421F6325195DD81600BA68FB /* libopencv_gpu.2.4.9.dylib */; };
		421F635C195DD81600BA68FB /* libopencv_gpu.2.4.9.dylib in Frameworks */ = {isa = PBXBuildFile; fileRef = 421F6326195DD81600BA68FB /* libopencv_gpu.2.4.9.dylib */; };
		421F635D195DD81600BA68FB /* libopencv_highgui.2.4.9.dylib in Frameworks */ = {isa = PBXBuildFile; fileRef = 421F6327195DD81600BA68FB /* libopencv_highgui.2.4.9.dylib */; };
		421F635E195DD81600BA68FB /* libopencv_highgui.2.4.9.dylib in Frameworks */ = {isa = PBXBuildFile; fileRef = 421F6328195DD81600BA68FB /* libopencv_highgui.2.4.9.dylib */; };
		421F635F195DD81600BA68FB /* libopencv_highgui.2.4.9.dylib in Frameworks */ = {isa = PBXBuildFile; fileRef = 421F6329195DD81600BA68FB /* libopencv_highgui.2.4.9.dylib */; };
		421F6360195DD81600BA68FB /* libopencv_imgproc.2.4.9.dylib in Frameworks */ = {isa = PBXBuildFile; fileRef = 421F632A195DD81600BA68FB /* libopencv_imgproc.2.4.9.dylib */; };
		421F6361195DD81600BA68FB /* libopencv_imgproc.2.4.9.dylib in Frameworks */ = {isa = PBXBuildFile; fileRef = 421F632B195DD81600BA68FB /* libopencv_imgproc.2.4.9.dylib */; };
		421F6362195DD81600BA68FB /* libopencv_imgproc.2.4.9.dylib in Frameworks */ = {isa = PBXBuildFile; fileRef = 421F632C195DD81600BA68FB /* libopencv_imgproc.2.4.9.dylib */; };
		421F6363195DD81600BA68FB /* libopencv_legacy.2.4.9.dylib in Frameworks */ = {isa = PBXBuildFile; fileRef = 421F632D195DD81600BA68FB /* libopencv_legacy.2.4.9.dylib */; };
		421F6364195DD81600BA68FB /* libopencv_legacy.2.4.9.dylib in Frameworks */ = {isa = PBXBuildFile; fileRef = 421F632E195DD81600BA68FB /* libopencv_legacy.2.4.9.dylib */; };
		421F6365195DD81600BA68FB /* libopencv_legacy.2.4.9.dylib in Frameworks */ = {isa = PBXBuildFile; fileRef = 421F632F195DD81600BA68FB /* libopencv_legacy.2.4.9.dylib */; };
		421F6366195DD81600BA68FB /* libopencv_ml.2.4.9.dylib in Frameworks */ = {isa = PBXBuildFile; fileRef = 421F6330195DD81600BA68FB /* libopencv_ml.2.4.9.dylib */; };
		421F6367195DD81600BA68FB /* libopencv_ml.2.4.9.dylib in Frameworks */ = {isa = PBXBuildFile; fileRef = 421F6331195DD81600BA68FB /* libopencv_ml.2.4.9.dylib */; };
		421F6368195DD81600BA68FB /* libopencv_ml.2.4.9.dylib in Frameworks */ = {isa = PBXBuildFile; fileRef = 421F6332195DD81600BA68FB /* libopencv_ml.2.4.9.dylib */; };
		421F6369195DD81600BA68FB /* libopencv_nonfree.2.4.9.dylib in Frameworks */ = {isa = PBXBuildFile; fileRef = 421F6333195DD81600BA68FB /* libopencv_nonfree.2.4.9.dylib */; };
		421F636A195DD81600BA68FB /* libopencv_nonfree.2.4.9.dylib in Frameworks */ = {isa = PBXBuildFile; fileRef = 421F6334195DD81600BA68FB /* libopencv_nonfree.2.4.9.dylib */; };
		421F636B195DD81600BA68FB /* libopencv_nonfree.2.4.9.dylib in Frameworks */ = {isa = PBXBuildFile; fileRef = 421F6335195DD81600BA68FB /* libopencv_nonfree.2.4.9.dylib */; };
		421F636C195DD81600BA68FB /* libopencv_objdetect.2.4.9.dylib in Frameworks */ = {isa = PBXBuildFile; fileRef = 421F6336195DD81600BA68FB /* libopencv_objdetect.2.4.9.dylib */; };
		421F636D195DD81600BA68FB /* libopencv_objdetect.2.4.9.dylib in Frameworks */ = {isa = PBXBuildFile; fileRef = 421F6337195DD81600BA68FB /* libopencv_objdetect.2.4.9.dylib */; };
		421F636E195DD81600BA68FB /* libopencv_objdetect.2.4.9.dylib in Frameworks */ = {isa = PBXBuildFile; fileRef = 421F6338195DD81600BA68FB /* libopencv_objdetect.2.4.9.dylib */; };
		421F636F195DD81600BA68FB /* libopencv_ocl.2.4.9.dylib in Frameworks */ = {isa = PBXBuildFile; fileRef = 421F6339195DD81600BA68FB /* libopencv_ocl.2.4.9.dylib */; };
		421F6370195DD81600BA68FB /* libopencv_ocl.2.4.9.dylib in Frameworks */ = {isa = PBXBuildFile; fileRef = 421F633A195DD81600BA68FB /* libopencv_ocl.2.4.9.dylib */; };
		421F6371195DD81600BA68FB /* libopencv_ocl.2.4.9.dylib in Frameworks */ = {isa = PBXBuildFile; fileRef = 421F633B195DD81600BA68FB /* libopencv_ocl.2.4.9.dylib */; };
		421F6372195DD81600BA68FB /* libopencv_photo.2.4.9.dylib in Frameworks */ = {isa = PBXBuildFile; fileRef = 421F633C195DD81600BA68FB /* libopencv_photo.2.4.9.dylib */; };
		421F6373195DD81600BA68FB /* libopencv_photo.2.4.9.dylib in Frameworks */ = {isa = PBXBuildFile; fileRef = 421F633D195DD81600BA68FB /* libopencv_photo.2.4.9.dylib */; };
		421F6374195DD81600BA68FB /* libopencv_photo.2.4.9.dylib in Frameworks */ = {isa = PBXBuildFile; fileRef = 421F633E195DD81600BA68FB /* libopencv_photo.2.4.9.dylib */; };
		421F6375195DD81600BA68FB /* libopencv_stitching.2.4.9.dylib in Frameworks */ = {isa = PBXBuildFile; fileRef = 421F633F195DD81600BA68FB /* libopencv_stitching.2.4.9.dylib */; };
		421F6376195DD81600BA68FB /* libopencv_stitching.2.4.9.dylib in Frameworks */ = {isa = PBXBuildFile; fileRef = 421F6340195DD81600BA68FB /* libopencv_stitching.2.4.9.dylib */; };
		421F6377195DD81600BA68FB /* libopencv_stitching.2.4.9.dylib in Frameworks */ = {isa = PBXBuildFile; fileRef = 421F6341195DD81600BA68FB /* libopencv_stitching.2.4.9.dylib */; };
		421F6378195DD81600BA68FB /* libopencv_superres.2.4.9.dylib in Frameworks */ = {isa = PBXBuildFile; fileRef = 421F6342195DD81600BA68FB /* libopencv_superres.2.4.9.dylib */; };
		421F6379195DD81600BA68FB /* libopencv_superres.2.4.9.dylib in Frameworks */ = {isa = PBXBuildFile; fileRef = 421F6343195DD81600BA68FB /* libopencv_superres.2.4.9.dylib */; };
		421F637A195DD81600BA68FB /* libopencv_superres.2.4.9.dylib in Frameworks */ = {isa = PBXBuildFile; fileRef = 421F6344195DD81600BA68FB /* libopencv_superres.2.4.9.dylib */; };
		421F637B195DD81600BA68FB /* libopencv_video.2.4.9.dylib in Frameworks */ = {isa = PBXBuildFile; fileRef = 421F6345195DD81600BA68FB /* libopencv_video.2.4.9.dylib */; };
		421F637C195DD81600BA68FB /* libopencv_video.2.4.9.dylib in Frameworks */ = {isa = PBXBuildFile; fileRef = 421F6346195DD81600BA68FB /* libopencv_video.2.4.9.dylib */; };
		421F637D195DD81600BA68FB /* libopencv_video.2.4.9.dylib in Frameworks */ = {isa = PBXBuildFile; fileRef = 421F6347195DD81600BA68FB /* libopencv_video.2.4.9.dylib */; };
		421F637E195DD81600BA68FB /* libopencv_videostab.2.4.9.dylib in Frameworks */ = {isa = PBXBuildFile; fileRef = 421F6348195DD81600BA68FB /* libopencv_videostab.2.4.9.dylib */; };
		421F637F195DD81600BA68FB /* libopencv_videostab.2.4.9.dylib in Frameworks */ = {isa = PBXBuildFile; fileRef = 421F6349195DD81600BA68FB /* libopencv_videostab.2.4.9.dylib */; };
		421F6380195DD81600BA68FB /* libopencv_videostab.2.4.9.dylib in Frameworks */ = {isa = PBXBuildFile; fileRef = 421F634A195DD81600BA68FB /* libopencv_videostab.2.4.9.dylib */; };
		42FD8F4A195951EC00705426 /* main.cpp in Sources */ = {isa = PBXBuildFile; fileRef = 42FD8F49195951EC00705426 /* main.cpp */; };
/* End PBXBuildFile section */

/* Begin PBXCopyFilesBuildPhase section */
		42FD8F44195951EC00705426 /* CopyFiles */ = {
			isa = PBXCopyFilesBuildPhase;
			buildActionMask = 2147483647;
			dstPath = /usr/share/man/man1/;
			dstSubfolderSpec = 0;
			files = (
			);
			runOnlyForDeploymentPostprocessing = 1;
		};
/* End PBXCopyFilesBuildPhase section */

/* Begin PBXFileReference section */
		421F6315195DD81600BA68FB /* libopencv_calib3d.2.4.9.dylib */ = {isa = PBXFileReference; lastKnownFileType = "compiled.mach-o.dylib"; name = libopencv_calib3d.2.4.9.dylib; path = ../../../../usr/local/lib/libopencv_calib3d.2.4.9.dylib; sourceTree = "<group>"; };
		421F6316195DD81600BA68FB /* libopencv_calib3d.2.4.9.dylib */ = {isa = PBXFileReference; lastKnownFileType = "compiled.mach-o.dylib"; name = libopencv_calib3d.2.4.9.dylib; path = ../../../../usr/local/lib/libopencv_calib3d.2.4.9.dylib; sourceTree = "<group>"; };
		421F6317195DD81600BA68FB /* libopencv_calib3d.2.4.9.dylib */ = {isa = PBXFileReference; lastKnownFileType = "compiled.mach-o.dylib"; name = libopencv_calib3d.2.4.9.dylib; path = ../../../../usr/local/lib/libopencv_calib3d.2.4.9.dylib; sourceTree = "<group>"; };
		421F6318195DD81600BA68FB /* libopencv_contrib.2.4.9.dylib */ = {isa = PBXFileReference; lastKnownFileType = "compiled.mach-o.dylib"; name = libopencv_contrib.2.4.9.dylib; path = ../../../../usr/local/lib/libopencv_contrib.2.4.9.dylib; sourceTree = "<group>"; };
		421F6319195DD81600BA68FB /* libopencv_contrib.2.4.9.dylib */ = {isa = PBXFileReference; lastKnownFileType = "compiled.mach-o.dylib"; name = libopencv_contrib.2.4.9.dylib; path = ../../../../usr/local/lib/libopencv_contrib.2.4.9.dylib; sourceTree = "<group>"; };
		421F631A195DD81600BA68FB /* libopencv_contrib.2.4.9.dylib */ = {isa = PBXFileReference; lastKnownFileType = "compiled.mach-o.dylib"; name = libopencv_contrib.2.4.9.dylib; path = ../../../../usr/local/lib/libopencv_contrib.2.4.9.dylib; sourceTree = "<group>"; };
		421F631B195DD81600BA68FB /* libopencv_core.2.4.9.dylib */ = {isa = PBXFileReference; lastKnownFileType = "compiled.mach-o.dylib"; name = libopencv_core.2.4.9.dylib; path = ../../../../usr/local/lib/libopencv_core.2.4.9.dylib; sourceTree = "<group>"; };
		421F631C195DD81600BA68FB /* libopencv_core.2.4.9.dylib */ = {isa = PBXFileReference; lastKnownFileType = "compiled.mach-o.dylib"; name = libopencv_core.2.4.9.dylib; path = ../../../../usr/local/lib/libopencv_core.2.4.9.dylib; sourceTree = "<group>"; };
		421F631D195DD81600BA68FB /* libopencv_core.2.4.9.dylib */ = {isa = PBXFileReference; lastKnownFileType = "compiled.mach-o.dylib"; name = libopencv_core.2.4.9.dylib; path = ../../../../usr/local/lib/libopencv_core.2.4.9.dylib; sourceTree = "<group>"; };
		421F631E195DD81600BA68FB /* libopencv_features2d.2.4.9.dylib */ = {isa = PBXFileReference; lastKnownFileType = "compiled.mach-o.dylib"; name = libopencv_features2d.2.4.9.dylib; path = ../../../../usr/local/lib/libopencv_features2d.2.4.9.dylib; sourceTree = "<group>"; };
		421F631F195DD81600BA68FB /* libopencv_features2d.2.4.9.dylib */ = {isa = PBXFileReference; lastKnownFileType = "compiled.mach-o.dylib"; name = libopencv_features2d.2.4.9.dylib; path = ../../../../usr/local/lib/libopencv_features2d.2.4.9.dylib; sourceTree = "<group>"; };
		421F6320195DD81600BA68FB /* libopencv_features2d.2.4.9.dylib */ = {isa = PBXFileReference; lastKnownFileType = "compiled.mach-o.dylib"; name = libopencv_features2d.2.4.9.dylib; path = ../../../../usr/local/lib/libopencv_features2d.2.4.9.dylib; sourceTree = "<group>"; };
		421F6321195DD81600BA68FB /* libopencv_flann.2.4.9.dylib */ = {isa = PBXFileReference; lastKnownFileType = "compiled.mach-o.dylib"; name = libopencv_flann.2.4.9.dylib; path = ../../../../usr/local/lib/libopencv_flann.2.4.9.dylib; sourceTree = "<group>"; };
		421F6322195DD81600BA68FB /* libopencv_flann.2.4.9.dylib */ = {isa = PBXFileReference; lastKnownFileType = "compiled.mach-o.dylib"; name = libopencv_flann.2.4.9.dylib; path = ../../../../usr/local/lib/libopencv_flann.2.4.9.dylib; sourceTree = "<group>"; };
		421F6323195DD81600BA68FB /* libopencv_flann.2.4.9.dylib */ = {isa = PBXFileReference; lastKnownFileType = "compiled.mach-o.dylib"; name = libopencv_flann.2.4.9.dylib; path = ../../../../usr/local/lib/libopencv_flann.2.4.9.dylib; sourceTree = "<group>"; };
		421F6324195DD81600BA68FB /* libopencv_gpu.2.4.9.dylib */ = {isa = PBXFileReference; lastKnownFileType = "compiled.mach-o.dylib"; name = libopencv_gpu.2.4.9.dylib; path = ../../../../usr/local/lib/libopencv_gpu.2.4.9.dylib; sourceTree = "<group>"; };
		421F6325195DD81600BA68FB /* libopencv_gpu.2.4.9.dylib */ = {isa = PBXFileReference; lastKnownFileType = "compiled.mach-o.dylib"; name = libopencv_gpu.2.4.9.dylib; path = ../../../../usr/local/lib/libopencv_gpu.2.4.9.dylib; sourceTree = "<group>"; };
		421F6326195DD81600BA68FB /* libopencv_gpu.2.4.9.dylib */ = {isa = PBXFileReference; lastKnownFileType = "compiled.mach-o.dylib"; name = libopencv_gpu.2.4.9.dylib; path = ../../../../usr/local/lib/libopencv_gpu.2.4.9.dylib; sourceTree = "<group>"; };
		421F6327195DD81600BA68FB /* libopencv_highgui.2.4.9.dylib */ = {isa = PBXFileReference; lastKnownFileType = "compiled.mach-o.dylib"; name = libopencv_highgui.2.4.9.dylib; path = ../../../../usr/local/lib/libopencv_highgui.2.4.9.dylib; sourceTree = "<group>"; };
		421F6328195DD81600BA68FB /* libopencv_highgui.2.4.9.dylib */ = {isa = PBXFileReference; lastKnownFileType = "compiled.mach-o.dylib"; name = libopencv_highgui.2.4.9.dylib; path = ../../../../usr/local/lib/libopencv_highgui.2.4.9.dylib; sourceTree = "<group>"; };
		421F6329195DD81600BA68FB /* libopencv_highgui.2.4.9.dylib */ = {isa = PBXFileReference; lastKnownFileType = "compiled.mach-o.dylib"; name = libopencv_highgui.2.4.9.dylib; path = ../../../../usr/local/lib/libopencv_highgui.2.4.9.dylib; sourceTree = "<group>"; };
		421F632A195DD81600BA68FB /* libopencv_imgproc.2.4.9.dylib */ = {isa = PBXFileReference; lastKnownFileType = "compiled.mach-o.dylib"; name = libopencv_imgproc.2.4.9.dylib; path = ../../../../usr/local/lib/libopencv_imgproc.2.4.9.dylib; sourceTree = "<group>"; };
		421F632B195DD81600BA68FB /* libopencv_imgproc.2.4.9.dylib */ = {isa = PBXFileReference; lastKnownFileType = "compiled.mach-o.dylib"; name = libopencv_imgproc.2.4.9.dylib; path = ../../../../usr/local/lib/libopencv_imgproc.2.4.9.dylib; sourceTree = "<group>"; };
		421F632C195DD81600BA68FB /* libopencv_imgproc.2.4.9.dylib */ = {isa = PBXFileReference; lastKnownFileType = "compiled.mach-o.dylib"; name = libopencv_imgproc.2.4.9.dylib; path = ../../../../usr/local/lib/libopencv_imgproc.2.4.9.dylib; sourceTree = "<group>"; };
		421F632D195DD81600BA68FB /* libopencv_legacy.2.4.9.dylib */ = {isa = PBXFileReference; lastKnownFileType = "compiled.mach-o.dylib"; name = libopencv_legacy.2.4.9.dylib; path = ../../../../usr/local/lib/libopencv_legacy.2.4.9.dylib; sourceTree = "<group>"; };
		421F632E195DD81600BA68FB /* libopencv_legacy.2.4.9.dylib */ = {isa = PBXFileReference; lastKnownFileType = "compiled.mach-o.dylib"; name = libopencv_legacy.2.4.9.dylib; path = ../../../../usr/local/lib/libopencv_legacy.2.4.9.dylib; sourceTree = "<group>"; };
		421F632F195DD81600BA68FB /* libopencv_legacy.2.4.9.dylib */ = {isa = PBXFileReference; lastKnownFileType = "compiled.mach-o.dylib"; name = libopencv_legacy.2.4.9.dylib; path = ../../../../usr/local/lib/libopencv_legacy.2.4.9.dylib; sourceTree = "<group>"; };
		421F6330195DD81600BA68FB /* libopencv_ml.2.4.9.dylib */ = {isa = PBXFileReference; lastKnownFileType = "compiled.mach-o.dylib"; name = libopencv_ml.2.4.9.dylib; path = ../../../../usr/local/lib/libopencv_ml.2.4.9.dylib; sourceTree = "<group>"; };
		421F6331195DD81600BA68FB /* libopencv_ml.2.4.9.dylib */ = {isa = PBXFileReference; lastKnownFileType = "compiled.mach-o.dylib"; name = libopencv_ml.2.4.9.dylib; path = ../../../../usr/local/lib/libopencv_ml.2.4.9.dylib; sourceTree = "<group>"; };
		421F6332195DD81600BA68FB /* libopencv_ml.2.4.9.dylib */ = {isa = PBXFileReference; lastKnownFileType = "compiled.mach-o.dylib"; name = libopencv_ml.2.4.9.dylib; path = ../../../../usr/local/lib/libopencv_ml.2.4.9.dylib; sourceTree = "<group>"; };
		421F6333195DD81600BA68FB /* libopencv_nonfree.2.4.9.dylib */ = {isa = PBXFileReference; lastKnownFileType = "compiled.mach-o.dylib"; name = libopencv_nonfree.2.4.9.dylib; path = ../../../../usr/local/lib/libopencv_nonfree.2.4.9.dylib; sourceTree = "<group>"; };
		421F6334195DD81600BA68FB /* libopencv_nonfree.2.4.9.dylib */ = {isa = PBXFileReference; lastKnownFileType = "compiled.mach-o.dylib"; name = libopencv_nonfree.2.4.9.dylib; path = ../../../../usr/local/lib/libopencv_nonfree.2.4.9.dylib; sourceTree = "<group>"; };
		421F6335195DD81600BA68FB /* libopencv_nonfree.2.4.9.dylib */ = {isa = PBXFileReference; lastKnownFileType = "compiled.mach-o.dylib"; name = libopencv_nonfree.2.4.9.dylib; path = ../../../../usr/local/lib/libopencv_nonfree.2.4.9.dylib; sourceTree = "<group>"; };
		421F6336195DD81600BA68FB /* libopencv_objdetect.2.4.9.dylib */ = {isa = PBXFileReference; lastKnownFileType = "compiled.mach-o.dylib"; name = libopencv_objdetect.2.4.9.dylib; path = ../../../../usr/local/lib/libopencv_objdetect.2.4.9.dylib; sourceTree = "<group>"; };
		421F6337195DD81600BA68FB /* libopencv_objdetect.2.4.9.dylib */ = {isa = PBXFileReference; lastKnownFileType = "compiled.mach-o.dylib"; name = libopencv_objdetect.2.4.9.dylib; path = ../../../../usr/local/lib/libopencv_objdetect.2.4.9.dylib; sourceTree = "<group>"; };
		421F6338195DD81600BA68FB /* libopencv_objdetect.2.4.9.dylib */ = {isa = PBXFileReference; lastKnownFileType = "compiled.mach-o.dylib"; name = libopencv_objdetect.2.4.9.dylib; path = ../../../../usr/local/lib/libopencv_objdetect.2.4.9.dylib; sourceTree = "<group>"; };
		421F6339195DD81600BA68FB /* libopencv_ocl.2.4.9.dylib */ = {isa = PBXFileReference; lastKnownFileType = "compiled.mach-o.dylib"; name = libopencv_ocl.2.4.9.dylib; path = ../../../../usr/local/lib/libopencv_ocl.2.4.9.dylib; sourceTree = "<group>"; };
		421F633A195DD81600BA68FB /* libopencv_ocl.2.4.9.dylib */ = {isa = PBXFileReference; lastKnownFileType = "compiled.mach-o.dylib"; name = libopencv_ocl.2.4.9.dylib; path = ../../../../usr/local/lib/libopencv_ocl.2.4.9.dylib; sourceTree = "<group>"; };
		421F633B195DD81600BA68FB /* libopencv_ocl.2.4.9.dylib */ = {isa = PBXFileReference; lastKnownFileType = "compiled.mach-o.dylib"; name = libopencv_ocl.2.4.9.dylib; path = ../../../../usr/local/lib/libopencv_ocl.2.4.9.dylib; sourceTree = "<group>"; };
		421F633C195DD81600BA68FB /* libopencv_photo.2.4.9.dylib */ = {isa = PBXFileReference; lastKnownFileType = "compiled.mach-o.dylib"; name = libopencv_photo.2.4.9.dylib; path = ../../../../usr/local/lib/libopencv_photo.2.4.9.dylib; sourceTree = "<group>"; };
		421F633D195DD81600BA68FB /* libopencv_photo.2.4.9.dylib */ = {isa = PBXFileReference; lastKnownFileType = "compiled.mach-o.dylib"; name = libopencv_photo.2.4.9.dylib; path = ../../../../usr/local/lib/libopencv_photo.2.4.9.dylib; sourceTree = "<group>"; };
		421F633E195DD81600BA68FB /* libopencv_photo.2.4.9.dylib */ = {isa = PBXFileReference; lastKnownFileType = "compiled.mach-o.dylib"; name = libopencv_photo.2.4.9.dylib; path = ../../../../usr/local/lib/libopencv_photo.2.4.9.dylib; sourceTree = "<group>"; };
		421F633F195DD81600BA68FB /* libopencv_stitching.2.4.9.dylib */ = {isa = PBXFileReference; lastKnownFileType = "compiled.mach-o.dylib"; name = libopencv_stitching.2.4.9.dylib; path = ../../../../usr/local/lib/libopencv_stitching.2.4.9.dylib; sourceTree = "<group>"; };
		421F6340195DD81600BA68FB /* libopencv_stitching.2.4.9.dylib */ = {isa = PBXFileReference; lastKnownFileType = "compiled.mach-o.dylib"; name = libopencv_stitching.2.4.9.dylib; path = ../../../../usr/local/lib/libopencv_stitching.2.4.9.dylib; sourceTree = "<group>"; };
		421F6341195DD81600BA68FB /* libopencv_stitching.2.4.9.dylib */ = {isa = PBXFileReference; lastKnownFileType = "compiled.mach-o.dylib"; name = libopencv_stitching.2.4.9.dylib; path = ../../../../usr/local/lib/libopencv_stitching.2.4.9.dylib; sourceTree = "<group>"; };
		421F6342195DD81600BA68FB /* libopencv_superres.2.4.9.dylib */ = {isa = PBXFileReference; lastKnownFileType = "compiled.mach-o.dylib"; name = libopencv_superres.2.4.9.dylib; path = ../../../../usr/local/lib/libopencv_superres.2.4.9.dylib; sourceTree = "<group>"; };
		421F6343195DD81600BA68FB /* libopencv_superres.2.4.9.dylib */ = {isa = PBXFileReference; lastKnownFileType = "compiled.mach-o.dylib"; name = libopencv_superres.2.4.9.dylib; path = ../../../../usr/local/lib/libopencv_superres.2.4.9.dylib; sourceTree = "<group>"; };
		421F6344195DD81600BA68FB /* libopencv_superres.2.4.9.dylib */ = {isa = PBXFileReference; lastKnownFileType = "compiled.mach-o.dylib"; name = libopencv_superres.2.4.9.dylib; path = ../../../../usr/local/lib/libopencv_superres.2.4.9.dylib; sourceTree = "<group>"; };
		421F6345195DD81600BA68FB /* libopencv_video.2.4.9.dylib */ = {isa = PBXFileReference; lastKnownFileType = "compiled.mach-o.dylib"; name = libopencv_video.2.4.9.dylib; path = ../../../../usr/local/lib/libopencv_video.2.4.9.dylib; sourceTree = "<group>"; };
		421F6346195DD81600BA68FB /* libopencv_video.2.4.9.dylib */ = {isa = PBXFileReference; lastKnownFileType = "compiled.mach-o.dylib"; name = libopencv_video.2.4.9.dylib; path = ../../../../usr/local/lib/libopencv_video.2.4.9.dylib; sourceTree = "<group>"; };
		421F6347195DD81600BA68FB /* libopencv_video.2.4.9.dylib */ = {isa = PBXFileReference; lastKnownFileType = "compiled.mach-o.dylib"; name = libopencv_video.2.4.9.dylib; path = ../../../../usr/local/lib/libopencv_video.2.4.9.dylib; sourceTree = "<group>"; };
		421F6348195DD81600BA68FB /* libopencv_videostab.2.4.9.dylib */ = {isa = PBXFileReference; lastKnownFileType = "compiled.mach-o.dylib"; name = libopencv_videostab.2.4.9.dylib; path = ../../../../usr/local/lib/libopencv_videostab.2.4.9.dylib; sourceTree = "<group>"; };
		421F6349195DD81600BA68FB /* libopencv_videostab.2.4.9.dylib */ = {isa = PBXFileReference; lastKnownFileType = "compiled.mach-o.dylib"; name = libopencv_videostab.2.4.9.dylib; path = ../../../../usr/local/lib/libopencv_videostab.2.4.9.dylib; sourceTree = "<group>"; };
		421F634A195DD81600BA68FB /* libopencv_videostab.2.4.9.dylib */ = {isa = PBXFileReference; lastKnownFileType = "compiled.mach-o.dylib"; name = libopencv_videostab.2.4.9.dylib; path = ../../../../usr/local/lib/libopencv_videostab.2.4.9.dylib; sourceTree = "<group>"; };
		42FD8F46195951EC00705426 /* OpencvTest1 */ = {isa = PBXFileReference; explicitFileType = "compiled.mach-o.executable"; includeInIndex = 0; path = OpencvTest1; sourceTree = BUILT_PRODUCTS_DIR; };
		42FD8F49195951EC00705426 /* main.cpp */ = {isa = PBXFileReference; lastKnownFileType = sourcecode.cpp.cpp; path = main.cpp; sourceTree = "<group>"; };
		42FD8F8C1959609100705426 /* libpng.pc */ = {isa = PBXFileReference; fileEncoding = 4; lastKnownFileType = text; path = libpng.pc; sourceTree = "<group>"; };
		42FD8F8D1959609100705426 /* libpng16.pc */ = {isa = PBXFileReference; fileEncoding = 4; lastKnownFileType = text; path = libpng16.pc; sourceTree = "<group>"; };
		42FD8F8E1959609100705426 /* libtiff-4.pc */ = {isa = PBXFileReference; fileEncoding = 4; lastKnownFileType = text; path = "libtiff-4.pc"; sourceTree = "<group>"; };
		42FD8F8F1959609100705426 /* opencv.pc */ = {isa = PBXFileReference; fileEncoding = 4; lastKnownFileType = text; path = opencv.pc; sourceTree = "<group>"; };
/* End PBXFileReference section */

/* Begin PBXFrameworksBuildPhase section */
		42FD8F43195951EC00705426 /* Frameworks */ = {
			isa = PBXFrameworksBuildPhase;
			buildActionMask = 2147483647;
			files = (
				421F637C195DD81600BA68FB /* libopencv_video.2.4.9.dylib in Frameworks */,
				421F6354195DD81600BA68FB /* libopencv_features2d.2.4.9.dylib in Frameworks */,
				421F637D195DD81600BA68FB /* libopencv_video.2.4.9.dylib in Frameworks */,
				421F6372195DD81600BA68FB /* libopencv_photo.2.4.9.dylib in Frameworks */,
				421F637F195DD81600BA68FB /* libopencv_videostab.2.4.9.dylib in Frameworks */,
				421F635F195DD81600BA68FB /* libopencv_highgui.2.4.9.dylib in Frameworks */,
				421F637A195DD81600BA68FB /* libopencv_superres.2.4.9.dylib in Frameworks */,
				421F635A195DD81600BA68FB /* libopencv_gpu.2.4.9.dylib in Frameworks */,
				421F635E195DD81600BA68FB /* libopencv_highgui.2.4.9.dylib in Frameworks */,
				421F6360195DD81600BA68FB /* libopencv_imgproc.2.4.9.dylib in Frameworks */,
				421F634B195DD81600BA68FB /* libopencv_calib3d.2.4.9.dylib in Frameworks */,
				421F6356195DD81600BA68FB /* libopencv_features2d.2.4.9.dylib in Frameworks */,
				421F6370195DD81600BA68FB /* libopencv_ocl.2.4.9.dylib in Frameworks */,
				421F6377195DD81600BA68FB /* libopencv_stitching.2.4.9.dylib in Frameworks */,
				421F636D195DD81600BA68FB /* libopencv_objdetect.2.4.9.dylib in Frameworks */,
				421F634D195DD81600BA68FB /* libopencv_calib3d.2.4.9.dylib in Frameworks */,
				421F6357195DD81600BA68FB /* libopencv_flann.2.4.9.dylib in Frameworks */,
				421F6350195DD81600BA68FB /* libopencv_contrib.2.4.9.dylib in Frameworks */,
				421F6374195DD81600BA68FB /* libopencv_photo.2.4.9.dylib in Frameworks */,
				421F6361195DD81600BA68FB /* libopencv_imgproc.2.4.9.dylib in Frameworks */,
				421F6365195DD81600BA68FB /* libopencv_legacy.2.4.9.dylib in Frameworks */,
				421F637E195DD81600BA68FB /* libopencv_videostab.2.4.9.dylib in Frameworks */,
				421F6369195DD81600BA68FB /* libopencv_nonfree.2.4.9.dylib in Frameworks */,
				421F6353195DD81600BA68FB /* libopencv_core.2.4.9.dylib in Frameworks */,
				421F6373195DD81600BA68FB /* libopencv_photo.2.4.9.dylib in Frameworks */,
				421F6355195DD81600BA68FB /* libopencv_features2d.2.4.9.dylib in Frameworks */,
				421F6351195DD81600BA68FB /* libopencv_core.2.4.9.dylib in Frameworks */,
				421F6363195DD81600BA68FB /* libopencv_legacy.2.4.9.dylib in Frameworks */,
				421F6364195DD81600BA68FB /* libopencv_legacy.2.4.9.dylib in Frameworks */,
				421F6368195DD81600BA68FB /* libopencv_ml.2.4.9.dylib in Frameworks */,
				421F6366195DD81600BA68FB /* libopencv_ml.2.4.9.dylib in Frameworks */,
				421F634F195DD81600BA68FB /* libopencv_contrib.2.4.9.dylib in Frameworks */,
				421F6358195DD81600BA68FB /* libopencv_flann.2.4.9.dylib in Frameworks */,
				421F6375195DD81600BA68FB /* libopencv_stitching.2.4.9.dylib in Frameworks */,
				421F636B195DD81600BA68FB /* libopencv_nonfree.2.4.9.dylib in Frameworks */,
				421F636A195DD81600BA68FB /* libopencv_nonfree.2.4.9.dylib in Frameworks */,
				421F6367195DD81600BA68FB /* libopencv_ml.2.4.9.dylib in Frameworks */,
				421F634E195DD81600BA68FB /* libopencv_contrib.2.4.9.dylib in Frameworks */,
				421F6376195DD81600BA68FB /* libopencv_stitching.2.4.9.dylib in Frameworks */,
				421F636E195DD81600BA68FB /* libopencv_objdetect.2.4.9.dylib in Frameworks */,
				421F6378195DD81600BA68FB /* libopencv_superres.2.4.9.dylib in Frameworks */,
				421F635C195DD81600BA68FB /* libopencv_gpu.2.4.9.dylib in Frameworks */,
				421F6362195DD81600BA68FB /* libopencv_imgproc.2.4.9.dylib in Frameworks */,
				421F637B195DD81600BA68FB /* libopencv_video.2.4.9.dylib in Frameworks */,
				421F635B195DD81600BA68FB /* libopencv_gpu.2.4.9.dylib in Frameworks */,
				421F6371195DD81600BA68FB /* libopencv_ocl.2.4.9.dylib in Frameworks */,
				421F636C195DD81600BA68FB /* libopencv_objdetect.2.4.9.dylib in Frameworks */,
				421F636F195DD81600BA68FB /* libopencv_ocl.2.4.9.dylib in Frameworks */,
				421F6380195DD81600BA68FB /* libopencv_videostab.2.4.9.dylib in Frameworks */,
				421F6379195DD81600BA68FB /* libopencv_superres.2.4.9.dylib in Frameworks */,
				421F634C195DD81600BA68FB /* libopencv_calib3d.2.4.9.dylib in Frameworks */,
				421F6352195DD81600BA68FB /* libopencv_core.2.4.9.dylib in Frameworks */,
				421F6359195DD81600BA68FB /* libopencv_flann.2.4.9.dylib in Frameworks */,
				421F635D195DD81600BA68FB /* libopencv_highgui.2.4.9.dylib in Frameworks */,
			);
			runOnlyForDeploymentPostprocessing = 0;
		};
/* End PBXFrameworksBuildPhase section */

/* Begin PBXGroup section */
		42FD8F3D195951EC00705426 = {
			isa = PBXGroup;
			children = (
				421F6315195DD81600BA68FB /* libopencv_calib3d.2.4.9.dylib */,
				421F6316195DD81600BA68FB /* libopencv_calib3d.2.4.9.dylib */,
				421F6317195DD81600BA68FB /* libopencv_calib3d.2.4.9.dylib */,
				421F6318195DD81600BA68FB /* libopencv_contrib.2.4.9.dylib */,
				421F6319195DD81600BA68FB /* libopencv_contrib.2.4.9.dylib */,
				421F631A195DD81600BA68FB /* libopencv_contrib.2.4.9.dylib */,
				421F631B195DD81600BA68FB /* libopencv_core.2.4.9.dylib */,
				421F631C195DD81600BA68FB /* libopencv_core.2.4.9.dylib */,
				421F631D195DD81600BA68FB /* libopencv_core.2.4.9.dylib */,
				421F631E195DD81600BA68FB /* libopencv_features2d.2.4.9.dylib */,
				421F631F195DD81600BA68FB /* libopencv_features2d.2.4.9.dylib */,
				421F6320195DD81600BA68FB /* libopencv_features2d.2.4.9.dylib */,
				421F6321195DD81600BA68FB /* libopencv_flann.2.4.9.dylib */,
				421F6322195DD81600BA68FB /* libopencv_flann.2.4.9.dylib */,
				421F6323195DD81600BA68FB /* libopencv_flann.2.4.9.dylib */,
				421F6324195DD81600BA68FB /* libopencv_gpu.2.4.9.dylib */,
				421F6325195DD81600BA68FB /* libopencv_gpu.2.4.9.dylib */,
				421F6326195DD81600BA68FB /* libopencv_gpu.2.4.9.dylib */,
				421F6327195DD81600BA68FB /* libopencv_highgui.2.4.9.dylib */,
				421F6328195DD81600BA68FB /* libopencv_highgui.2.4.9.dylib */,
				421F6329195DD81600BA68FB /* libopencv_highgui.2.4.9.dylib */,
				421F632A195DD81600BA68FB /* libopencv_imgproc.2.4.9.dylib */,
				421F632B195DD81600BA68FB /* libopencv_imgproc.2.4.9.dylib */,
				421F632C195DD81600BA68FB /* libopencv_imgproc.2.4.9.dylib */,
				421F632D195DD81600BA68FB /* libopencv_legacy.2.4.9.dylib */,
				421F632E195DD81600BA68FB /* libopencv_legacy.2.4.9.dylib */,
				421F632F195DD81600BA68FB /* libopencv_legacy.2.4.9.dylib */,
				421F6330195DD81600BA68FB /* libopencv_ml.2.4.9.dylib */,
				421F6331195DD81600BA68FB /* libopencv_ml.2.4.9.dylib */,
				421F6332195DD81600BA68FB /* libopencv_ml.2.4.9.dylib */,
				421F6333195DD81600BA68FB /* libopencv_nonfree.2.4.9.dylib */,
				421F6334195DD81600BA68FB /* libopencv_nonfree.2.4.9.dylib */,
				421F6335195DD81600BA68FB /* libopencv_nonfree.2.4.9.dylib */,
				421F6336195DD81600BA68FB /* libopencv_objdetect.2.4.9.dylib */,
				421F6337195DD81600BA68FB /* libopencv_objdetect.2.4.9.dylib */,
				421F6338195DD81600BA68FB /* libopencv_objdetect.2.4.9.dylib */,
				421F6339195DD81600BA68FB /* libopencv_ocl.2.4.9.dylib */,
				421F633A195DD81600BA68FB /* libopencv_ocl.2.4.9.dylib */,
				421F633B195DD81600BA68FB /* libopencv_ocl.2.4.9.dylib */,
				421F633C195DD81600BA68FB /* libopencv_photo.2.4.9.dylib */,
				421F633D195DD81600BA68FB /* libopencv_photo.2.4.9.dylib */,
				421F633E195DD81600BA68FB /* libopencv_photo.2.4.9.dylib */,
				421F633F195DD81600BA68FB /* libopencv_stitching.2.4.9.dylib */,
				421F6340195DD81600BA68FB /* libopencv_stitching.2.4.9.dylib */,
				421F6341195DD81600BA68FB /* libopencv_stitching.2.4.9.dylib */,
				421F6342195DD81600BA68FB /* libopencv_superres.2.4.9.dylib */,
				421F6343195DD81600BA68FB /* libopencv_superres.2.4.9.dylib */,
				421F6344195DD81600BA68FB /* libopencv_superres.2.4.9.dylib */,
				421F6345195DD81600BA68FB /* libopencv_video.2.4.9.dylib */,
				421F6346195DD81600BA68FB /* libopencv_video.2.4.9.dylib */,
				421F6347195DD81600BA68FB /* libopencv_video.2.4.9.dylib */,
				421F6348195DD81600BA68FB /* libopencv_videostab.2.4.9.dylib */,
				421F6349195DD81600BA68FB /* libopencv_videostab.2.4.9.dylib */,
				421F634A195DD81600BA68FB /* libopencv_videostab.2.4.9.dylib */,
				42FD8F8B1959609100705426 /* pkgconfig */,
				42FD8F48195951EC00705426 /* OpencvTest1 */,
				42FD8F47195951EC00705426 /* Products */,
			);
			sourceTree = "<group>";
		};
		42FD8F47195951EC00705426 /* Products */ = {
			isa = PBXGroup;
			children = (
				42FD8F46195951EC00705426 /* OpencvTest1 */,
			);
			name = Products;
			sourceTree = "<group>";
		};
		42FD8F48195951EC00705426 /* OpencvTest1 */ = {
			isa = PBXGroup;
			children = (
				42FD8F49195951EC00705426 /* main.cpp */,
			);
			path = OpencvTest1;
			sourceTree = "<group>";
		};
		42FD8F8B1959609100705426 /* pkgconfig */ = {
			isa = PBXGroup;
			children = (
				42FD8F8C1959609100705426 /* libpng.pc */,
				42FD8F8D1959609100705426 /* libpng16.pc */,
				42FD8F8E1959609100705426 /* libtiff-4.pc */,
				42FD8F8F1959609100705426 /* opencv.pc */,
			);
			name = pkgconfig;
			path = ../../../../usr/local/lib/pkgconfig;
			sourceTree = "<group>";
		};
/* End PBXGroup section */

/* Begin PBXNativeTarget section */
		42FD8F45195951EC00705426 /* OpencvTest1 */ = {
			isa = PBXNativeTarget;
			buildConfigurationList = 42FD8F4D195951EC00705426 /* Build configuration list for PBXNativeTarget "OpencvTest1" */;
			buildPhases = (
				42FD8F42195951EC00705426 /* Sources */,
				42FD8F43195951EC00705426 /* Frameworks */,
				42FD8F44195951EC00705426 /* CopyFiles */,
			);
			buildRules = (
			);
			dependencies = (
			);
			name = OpencvTest1;
			productName = OpencvTest1;
			productReference = 42FD8F46195951EC00705426 /* OpencvTest1 */;
			productType = "com.apple.product-type.tool";
		};
/* End PBXNativeTarget section */

/* Begin PBXProject section */
		42FD8F3E195951EC00705426 /* Project object */ = {
			isa = PBXProject;
			attributes = {
				LastUpgradeCheck = 0600;
				ORGANIZATIONNAME = "Kevin Yen";
				TargetAttributes = {
					42FD8F45195951EC00705426 = {
						CreatedOnToolsVersion = 6.0;
					};
				};
			};
			buildConfigurationList = 42FD8F41195951EC00705426 /* Build configuration list for PBXProject "OpencvTest1" */;
			compatibilityVersion = "Xcode 3.2";
			developmentRegion = English;
			hasScannedForEncodings = 0;
			knownRegions = (
				en,
			);
			mainGroup = 42FD8F3D195951EC00705426;
			productRefGroup = 42FD8F47195951EC00705426 /* Products */;
			projectDirPath = "";
			projectRoot = "";
			targets = (
				42FD8F45195951EC00705426 /* OpencvTest1 */,
			);
		};
/* End PBXProject section */

/* Begin PBXSourcesBuildPhase section */
		42FD8F42195951EC00705426 /* Sources */ = {
			isa = PBXSourcesBuildPhase;
			buildActionMask = 2147483647;
			files = (
				42FD8F4A195951EC00705426 /* main.cpp in Sources */,
			);
			runOnlyForDeploymentPostprocessing = 0;
		};
/* End PBXSourcesBuildPhase section */

/* Begin XCBuildConfiguration section */
		42FD8F4B195951EC00705426 /* Debug */ = {
			isa = XCBuildConfiguration;
			buildSettings = {
				ALWAYS_SEARCH_USER_PATHS = NO;
				CLANG_CXX_LANGUAGE_STANDARD = "gnu++0x";
				CLANG_CXX_LIBRARY = "libc++";
				CLANG_ENABLE_MODULES = YES;
				CLANG_ENABLE_OBJC_ARC = YES;
				CLANG_WARN_BOOL_CONVERSION = YES;
				CLANG_WARN_CONSTANT_CONVERSION = YES;
				CLANG_WARN_DIRECT_OBJC_ISA_USAGE = YES_ERROR;
				CLANG_WARN_EMPTY_BODY = YES;
				CLANG_WARN_ENUM_CONVERSION = YES;
				CLANG_WARN_INT_CONVERSION = YES;
				CLANG_WARN_OBJC_ROOT_CLASS = YES_ERROR;
				CLANG_WARN_UNREACHABLE_CODE = YES;
				CLANG_WARN__DUPLICATE_METHOD_MATCH = YES;
				COPY_PHASE_STRIP = NO;
				ENABLE_STRICT_OBJC_MSGSEND = YES;
				GCC_C_LANGUAGE_STANDARD = gnu99;
				GCC_DYNAMIC_NO_PIC = NO;
				GCC_OPTIMIZATION_LEVEL = 0;
				GCC_PREPROCESSOR_DEFINITIONS = (
					"DEBUG=1",
					"$(inherited)",
				);
				GCC_SYMBOLS_PRIVATE_EXTERN = NO;
				GCC_WARN_64_TO_32_BIT_CONVERSION = YES;
				GCC_WARN_ABOUT_RETURN_TYPE = YES_ERROR;
				GCC_WARN_UNDECLARED_SELECTOR = YES;
				GCC_WARN_UNINITIALIZED_AUTOS = YES_AGGRESSIVE;
				GCC_WARN_UNUSED_FUNCTION = YES;
				GCC_WARN_UNUSED_VARIABLE = YES;
				MACOSX_DEPLOYMENT_TARGET = 10.10;
				METAL_ENABLE_DEBUG_INFO = YES;
				ONLY_ACTIVE_ARCH = YES;
				SDKROOT = macosx;
			};
			name = Debug;
		};
		42FD8F4C195951EC00705426 /* Release */ = {
			isa = XCBuildConfiguration;
			buildSettings = {
				ALWAYS_SEARCH_USER_PATHS = NO;
				CLANG_CXX_LANGUAGE_STANDARD = "gnu++0x";
				CLANG_CXX_LIBRARY = "libc++";
				CLANG_ENABLE_MODULES = YES;
				CLANG_ENABLE_OBJC_ARC = YES;
				CLANG_WARN_BOOL_CONVERSION = YES;
				CLANG_WARN_CONSTANT_CONVERSION = YES;
				CLANG_WARN_DIRECT_OBJC_ISA_USAGE = YES_ERROR;
				CLANG_WARN_EMPTY_BODY = YES;
				CLANG_WARN_ENUM_CONVERSION = YES;
				CLANG_WARN_INT_CONVERSION = YES;
				CLANG_WARN_OBJC_ROOT_CLASS = YES_ERROR;
				CLANG_WARN_UNREACHABLE_CODE = YES;
				CLANG_WARN__DUPLICATE_METHOD_MATCH = YES;
				COPY_PHASE_STRIP = YES;
				DEBUG_INFORMATION_FORMAT = "dwarf-with-dsym";
				ENABLE_NS_ASSERTIONS = NO;
				ENABLE_STRICT_OBJC_MSGSEND = YES;
				GCC_C_LANGUAGE_STANDARD = gnu99;
				GCC_WARN_64_TO_32_BIT_CONVERSION = YES;
				GCC_WARN_ABOUT_RETURN_TYPE = YES_ERROR;
				GCC_WARN_UNDECLARED_SELECTOR = YES;
				GCC_WARN_UNINITIALIZED_AUTOS = YES_AGGRESSIVE;
				GCC_WARN_UNUSED_FUNCTION = YES;
				GCC_WARN_UNUSED_VARIABLE = YES;
				MACOSX_DEPLOYMENT_TARGET = 10.10;
				METAL_ENABLE_DEBUG_INFO = NO;
				SDKROOT = macosx;
			};
			name = Release;
		};
		42FD8F4E195951EC00705426 /* Debug */ = {
			isa = XCBuildConfiguration;
			buildSettings = {
				CLANG_CXX_LANGUAGE_STANDARD = "compiler-default";
				CLANG_CXX_LIBRARY = "libc++";
				HEADER_SEARCH_PATHS = (
					"$(inherited)",
					"/Applications/Xcode6-Beta.app/Contents/Developer/Toolchains/XcodeDefault.xctoolchain/usr/include",
					/usr/local/include/opencv,
					/usr/local/include,
				);
				LIBRARY_SEARCH_PATHS = (
					/usr/local/lib,
					"/usr/local/lib/python2.7/site-packages",
				);
				PRODUCT_NAME = "$(TARGET_NAME)";
			};
			name = Debug;
		};
		42FD8F4F195951EC00705426 /* Release */ = {
			isa = XCBuildConfiguration;
			buildSettings = {
				CLANG_CXX_LANGUAGE_STANDARD = "compiler-default";
				CLANG_CXX_LIBRARY = "libc++";
				HEADER_SEARCH_PATHS = (
					"$(inherited)",
					"/Applications/Xcode6-Beta.app/Contents/Developer/Toolchains/XcodeDefault.xctoolchain/usr/include",
					/usr/local/include/opencv,
					/usr/local/include,
				);
				LIBRARY_SEARCH_PATHS = (
					/usr/local/lib,
					"/usr/local/lib/python2.7/site-packages",
				);
				PRODUCT_NAME = "$(TARGET_NAME)";
			};
			name = Release;
		};
/* End XCBuildConfiguration section */

/* Begin XCConfigurationList section */
		42FD8F41195951EC00705426 /* Build configuration list for PBXProject "OpencvTest1" */ = {
			isa = XCConfigurationList;
			buildConfigurations = (
				42FD8F4B195951EC00705426 /* Debug */,
				42FD8F4C195951EC00705426 /* Release */,
			);
			defaultConfigurationIsVisible = 0;
			defaultConfigurationName = Release;
		};
		42FD8F4D195951EC00705426 /* Build configuration list for PBXNativeTarget "OpencvTest1" */ = {
			isa = XCConfigurationList;
			buildConfigurations = (
				42FD8F4E195951EC00705426 /* Debug */,
				42FD8F4F195951EC00705426 /* Release */,
			);
			defaultConfigurationIsVisible = 0;
			defaultConfigurationName = Release;
		};
/* End XCConfigurationList section */
	};
	rootObject = 42FD8F3E195951EC00705426 /* Project object */;
}
